dependencies:
  espp/base_component:
    component_hash: 8ce5e30215ef1a664ae8967908c1755c43ea0338b6814ffe6a0ba94969412062
    dependencies:
    - name: espp/logger
      registry_url: https://components.espressif.com
      require: private
      version: '>=1.0'
    - name: idf
      require: private
      version: '>=5.0'
    source:
      registry_url: https://components.espressif.com
      type: service
    version: 1.0.36
  espp/format:
    component_hash: 6a1b3b8548c903f52c1942c16d796bb946da7c2866e86d17cc8d44b746ee7753
    dependencies:
    - name: idf
      require: private
      version: '>=5.0'
    source:
      registry_url: https://components.espressif.com
      type: service
    version: 1.0.36
  espp/logger:
    component_hash: afd6709bfc54ba3f88387a1070ffe470253451c1e761a11228019e98ef90a0d9
    dependencies:
    - name: espp/format
      registry_url: https://components.espressif.com
      require: private
      version: '>=1.0'
    - name: idf
      require: private
      version: '>=5.0'
    source:
      registry_url: https://components.espressif.com
      type: service
    version: 1.0.36
  espp/pid:
    component_hash: 50837012c0ce2fd1ab1a29a25a6f16bd03a80d6e552935492d3d23a182aea33b
    dependencies:
    - name: espp/base_component
      registry_url: https://components.espressif.com
      require: private
      version: '>=1.0'
    - name: idf
      require: private
      version: '>=5.0'
    source:
      registry_url: https://components.espressif.com/
      type: service
    version: 1.0.36
  espressif/bdc_motor:
    component_hash: 9292b605cfd390ff62225caa93e02700b86377e6a3156620192e4876dcf87b27
    dependencies:
    - name: idf
      require: private
      version: '>=5.0'
    source:
      registry_url: https://components.espressif.com/
      type: service
    version: 0.1.0
  espressif/pid_ctrl:
    component_hash: 22af0226d7adbea821e4c1a8c1fa5dad23c883eb7457e95e19342883a37c44a3
    dependencies:
    - name: idf
      require: private
      version: '>=4.4'
    source:
      registry_url: https://components.espressif.com/
      type: service
    version: 0.2.0
  idf:
    source:
      type: idf
    version: 5.5.1
direct_dependencies:
- espp/pid
- espressif/bdc_motor
- espressif/pid_ctrl
manifest_hash: c4ebc3149f6ffc4009ae828c43d707ec70cb74924f30f559d8a939e256862bb4
target: esp32s3
version: 2.0.0
